
Microsoft Visual Studio Solution File, Format Version 12.00
# Visual Studio Version 16
VisualStudioVersion = 16.0.31729.503
MinimumVisualStudioVersion = 10.0.40219.1
Project("{9A19103F-16F7-4668-BE54-9A1E7A4F7556}") = "Proyecto_Grupo2", "Proyecto_Grupo2\Proyecto_Grupo2.csproj", "{22EED27E-6CC3-49FF-B5A5-8B4C6B8B55C0}"
EndProject
Project("{FAE04EC0-301F-11D3-BF4B-00C04F79EFBC}") = "Clase", "Clase\Clase.csproj", "{5A96D63E-085F-4E88-8ABC-63945A6C190A}"
EndProject
Global
	GlobalSection(SolutionConfigurationPlatforms) = preSolution
		Debug|Any CPU = Debug|Any CPU
		Release|Any CPU = Release|Any CPU
	EndGlobalSection
	GlobalSection(ProjectConfigurationPlatforms) = postSolution
		{22EED27E-6CC3-49FF-B5A5-8B4C6B8B55C0}.Debug|Any CPU.ActiveCfg = Debug|Any CPU
		{22EED27E-6CC3-49FF-B5A5-8B4C6B8B55C0}.Debug|Any CPU.Build.0 = Debug|Any CPU
		{22EED27E-6CC3-49FF-B5A5-8B4C6B8B55C0}.Release|Any CPU.ActiveCfg = Release|Any CPU
		{22EED27E-6CC3-49FF-B5A5-8B4C6B8B55C0}.Release|Any CPU.Build.0 = Release|Any CPU
		{5A96D63E-085F-4E88-8ABC-63945A6C190A}.Debug|Any CPU.ActiveCfg = Debug|Any CPU
		{5A96D63E-085F-4E88-8ABC-63945A6C190A}.Debug|Any CPU.Build.0 = Debug|Any CPU
		{5A96D63E-085F-4E88-8ABC-63945A6C190A}.Release|Any CPU.ActiveCfg = Release|Any CPU
		{5A96D63E-085F-4E88-8ABC-63945A6C190A}.Release|Any CPU.Build.0 = Release|Any CPU
	EndGlobalSection
	GlobalSection(SolutionProperties) = preSolution
		HideSolutionNode = FALSE
	EndGlobalSection
	GlobalSection(ExtensibilityGlobals) = postSolution
		SolutionGuid = {7AC49E41-3494-4BCC-9E2D-C11376BECC68}
	EndGlobalSection
EndGlobal
